// !$*UTF8*$!
{
	archiveVersion = 1;
	classes = {
	};
	objectVersion = 50;
	objects = {

/* Begin PBXBuildFile section */
		8940468B230A6B7C00FBEA37 /* AppDelegate.swift in Sources */ = {isa = PBXBuildFile; fileRef = 8940468A230A6B7C00FBEA37 /* AppDelegate.swift */; };
		89404690230A6B7C00FBEA37 /* Main.storyboard in Resources */ = {isa = PBXBuildFile; fileRef = 8940468E230A6B7C00FBEA37 /* Main.storyboard */; };
		89404692230A6B7D00FBEA37 /* Assets.xcassets in Resources */ = {isa = PBXBuildFile; fileRef = 89404691230A6B7D00FBEA37 /* Assets.xcassets */; };
		89404695230A6B7D00FBEA37 /* LaunchScreen.storyboard in Resources */ = {isa = PBXBuildFile; fileRef = 89404693230A6B7D00FBEA37 /* LaunchScreen.storyboard */; };
		8940469F230A899B00FBEA37 /* AppColorDao.swift in Sources */ = {isa = PBXBuildFile; fileRef = 8940469E230A899B00FBEA37 /* AppColorDao.swift */; };
		8959FE0F230D527D00BA3841 /* HomeViewController.swift in Sources */ = {isa = PBXBuildFile; fileRef = 8959FE0A230D527D00BA3841 /* HomeViewController.swift */; };
		8959FE10230D527D00BA3841 /* HomeControllerBuilder.swift in Sources */ = {isa = PBXBuildFile; fileRef = 8959FE0B230D527D00BA3841 /* HomeControllerBuilder.swift */; };
		8959FE11230D527D00BA3841 /* ColorViewController.swift in Sources */ = {isa = PBXBuildFile; fileRef = 8959FE0D230D527D00BA3841 /* ColorViewController.swift */; };
		8959FE1A230D54E500BA3841 /* HomeViewRouter.swift in Sources */ = {isa = PBXBuildFile; fileRef = 8959FE19230D54E500BA3841 /* HomeViewRouter.swift */; };
		8959FE1C230D556D00BA3841 /* HomeViewPresenter.swift in Sources */ = {isa = PBXBuildFile; fileRef = 8959FE1B230D556D00BA3841 /* HomeViewPresenter.swift */; };
		8959FE1E230D560000BA3841 /* HomeViewInteractor.swift in Sources */ = {isa = PBXBuildFile; fileRef = 8959FE1D230D560000BA3841 /* HomeViewInteractor.swift */; };
		8959FE21230D569800BA3841 /* HomeViewProtocols.swift in Sources */ = {isa = PBXBuildFile; fileRef = 8959FE20230D569800BA3841 /* HomeViewProtocols.swift */; };
		8959FE2A230D586400BA3841 /* ColorViewBuilder.swift in Sources */ = {isa = PBXBuildFile; fileRef = 8959FE29230D586400BA3841 /* ColorViewBuilder.swift */; };
		8959FE2C230D58AD00BA3841 /* ColorViewInteractor.swift in Sources */ = {isa = PBXBuildFile; fileRef = 8959FE2B230D58AC00BA3841 /* ColorViewInteractor.swift */; };
		8959FE2E230D58DA00BA3841 /* ColorViewPresentator.swift in Sources */ = {isa = PBXBuildFile; fileRef = 8959FE2D230D58DA00BA3841 /* ColorViewPresentator.swift */; };
		8959FE30230D591F00BA3841 /* ColorViewRouter.swift in Sources */ = {isa = PBXBuildFile; fileRef = 8959FE2F230D591F00BA3841 /* ColorViewRouter.swift */; };
		8959FE32230D595900BA3841 /* ColorViewProtocols.swift in Sources */ = {isa = PBXBuildFile; fileRef = 8959FE31230D595900BA3841 /* ColorViewProtocols.swift */; };
		8959FE35230D59DB00BA3841 /* Constants.swift in Sources */ = {isa = PBXBuildFile; fileRef = 8959FE34230D59DB00BA3841 /* Constants.swift */; };
		8959FE37230D59E600BA3841 /* Alert.swift in Sources */ = {isa = PBXBuildFile; fileRef = 8959FE36230D59E600BA3841 /* Alert.swift */; };
		89956CBD230D5AEC00039E91 /* WebServiceConstants.swift in Sources */ = {isa = PBXBuildFile; fileRef = 89956CBC230D5AEC00039E91 /* WebServiceConstants.swift */; };
		89956CBF230D5B0000039E91 /* WebServiceManager.swift in Sources */ = {isa = PBXBuildFile; fileRef = 89956CBE230D5B0000039E91 /* WebServiceManager.swift */; };
/* End PBXBuildFile section */

/* Begin PBXFileReference section */
		89404687230A6B7C00FBEA37 /* Viper.app */ = {isa = PBXFileReference; explicitFileType = wrapper.application; includeInIndex = 0; path = Viper.app; sourceTree = BUILT_PRODUCTS_DIR; };
		8940468A230A6B7C00FBEA37 /* AppDelegate.swift */ = {isa = PBXFileReference; lastKnownFileType = sourcecode.swift; path = AppDelegate.swift; sourceTree = "<group>"; };
		8940468F230A6B7C00FBEA37 /* Base */ = {isa = PBXFileReference; lastKnownFileType = file.storyboard; name = Base; path = Base.lproj/Main.storyboard; sourceTree = "<group>"; };
		89404691230A6B7D00FBEA37 /* Assets.xcassets */ = {isa = PBXFileReference; lastKnownFileType = folder.assetcatalog; path = Assets.xcassets; sourceTree = "<group>"; };
		89404694230A6B7D00FBEA37 /* Base */ = {isa = PBXFileReference; lastKnownFileType = file.storyboard; name = Base; path = Base.lproj/LaunchScreen.storyboard; sourceTree = "<group>"; };
		89404696230A6B7D00FBEA37 /* Info.plist */ = {isa = PBXFileReference; lastKnownFileType = text.plist.xml; path = Info.plist; sourceTree = "<group>"; };
		8940469E230A899B00FBEA37 /* AppColorDao.swift */ = {isa = PBXFileReference; lastKnownFileType = sourcecode.swift; path = AppColorDao.swift; sourceTree = "<group>"; };
		8959FE0A230D527D00BA3841 /* HomeViewController.swift */ = {isa = PBXFileReference; fileEncoding = 4; lastKnownFileType = sourcecode.swift; path = HomeViewController.swift; sourceTree = "<group>"; };
		8959FE0B230D527D00BA3841 /* HomeControllerBuilder.swift */ = {isa = PBXFileReference; fileEncoding = 4; lastKnownFileType = sourcecode.swift; path = HomeControllerBuilder.swift; sourceTree = "<group>"; };
		8959FE0D230D527D00BA3841 /* ColorViewController.swift */ = {isa = PBXFileReference; fileEncoding = 4; lastKnownFileType = sourcecode.swift; path = ColorViewController.swift; sourceTree = "<group>"; };
		8959FE19230D54E500BA3841 /* HomeViewRouter.swift */ = {isa = PBXFileReference; lastKnownFileType = sourcecode.swift; path = HomeViewRouter.swift; sourceTree = "<group>"; };
		8959FE1B230D556D00BA3841 /* HomeViewPresenter.swift */ = {isa = PBXFileReference; lastKnownFileType = sourcecode.swift; path = HomeViewPresenter.swift; sourceTree = "<group>"; };
		8959FE1D230D560000BA3841 /* HomeViewInteractor.swift */ = {isa = PBXFileReference; lastKnownFileType = sourcecode.swift; path = HomeViewInteractor.swift; sourceTree = "<group>"; };
		8959FE20230D569800BA3841 /* HomeViewProtocols.swift */ = {isa = PBXFileReference; lastKnownFileType = sourcecode.swift; path = HomeViewProtocols.swift; sourceTree = "<group>"; };
		8959FE29230D586400BA3841 /* ColorViewBuilder.swift */ = {isa = PBXFileReference; lastKnownFileType = sourcecode.swift; path = ColorViewBuilder.swift; sourceTree = "<group>"; };
		8959FE2B230D58AC00BA3841 /* ColorViewInteractor.swift */ = {isa = PBXFileReference; lastKnownFileType = sourcecode.swift; path = ColorViewInteractor.swift; sourceTree = "<group>"; };
		8959FE2D230D58DA00BA3841 /* ColorViewPresentator.swift */ = {isa = PBXFileReference; lastKnownFileType = sourcecode.swift; path = ColorViewPresentator.swift; sourceTree = "<group>"; };
		8959FE2F230D591F00BA3841 /* ColorViewRouter.swift */ = {isa = PBXFileReference; lastKnownFileType = sourcecode.swift; path = ColorViewRouter.swift; sourceTree = "<group>"; };
		8959FE31230D595900BA3841 /* ColorViewProtocols.swift */ = {isa = PBXFileReference; lastKnownFileType = sourcecode.swift; path = ColorViewProtocols.swift; sourceTree = "<group>"; };
		8959FE34230D59DB00BA3841 /* Constants.swift */ = {isa = PBXFileReference; lastKnownFileType = sourcecode.swift; path = Constants.swift; sourceTree = "<group>"; };
		8959FE36230D59E600BA3841 /* Alert.swift */ = {isa = PBXFileReference; lastKnownFileType = sourcecode.swift; path = Alert.swift; sourceTree = "<group>"; };
		89956CBC230D5AEC00039E91 /* WebServiceConstants.swift */ = {isa = PBXFileReference; lastKnownFileType = sourcecode.swift; path = WebServiceConstants.swift; sourceTree = "<group>"; };
		89956CBE230D5B0000039E91 /* WebServiceManager.swift */ = {isa = PBXFileReference; lastKnownFileType = sourcecode.swift; path = WebServiceManager.swift; sourceTree = "<group>"; };
/* End PBXFileReference section */

/* Begin PBXFrameworksBuildPhase section */
		89404684230A6B7C00FBEA37 /* Frameworks */ = {
			isa = PBXFrameworksBuildPhase;
			buildActionMask = 2147483647;
			files = (
			);
			runOnlyForDeploymentPostprocessing = 0;
		};
/* End PBXFrameworksBuildPhase section */

/* Begin PBXGroup section */
		8940467E230A6B7C00FBEA37 = {
			isa = PBXGroup;
			children = (
				89404689230A6B7C00FBEA37 /* Viper */,
				89404688230A6B7C00FBEA37 /* Products */,
			);
			sourceTree = "<group>";
		};
		89404688230A6B7C00FBEA37 /* Products */ = {
			isa = PBXGroup;
			children = (
				89404687230A6B7C00FBEA37 /* Viper.app */,
			);
			name = Products;
			sourceTree = "<group>";
		};
		89404689230A6B7C00FBEA37 /* Viper */ = {
			isa = PBXGroup;
			children = (
				89956CBB230D5ABA00039E91 /* WebServices */,
				8959FE38230D5A0C00BA3841 /* Database */,
				8959FE33230D59C300BA3841 /* Common */,
				89956CC0230D5B3300039E91 /* StoryBoards */,
				8959FE0C230D527D00BA3841 /* ColorVC */,
				8959FE09230D527D00BA3841 /* HomeViewController */,
				8940468A230A6B7C00FBEA37 /* AppDelegate.swift */,
				89404691230A6B7D00FBEA37 /* Assets.xcassets */,
				89404696230A6B7D00FBEA37 /* Info.plist */,
			);
			path = Viper;
			sourceTree = "<group>";
		};
		8959FE09230D527D00BA3841 /* HomeViewController */ = {
			isa = PBXGroup;
			children = (
				8959FE18230D54B200BA3841 /* Builder */,
				8959FE15230D544D00BA3841 /* View */,
				8959FE17230D548800BA3841 /* Interactor */,
				8959FE16230D545000BA3841 /* Presentator */,
				8959FE13230D544500BA3841 /* Entity */,
				8959FE14230D544900BA3841 /* Routers */,
				8959FE1F230D566300BA3841 /* Protocols */,
			);
			path = HomeViewController;
			sourceTree = "<group>";
		};
		8959FE0C230D527D00BA3841 /* ColorVC */ = {
			isa = PBXGroup;
			children = (
				8959FE27230D57B900BA3841 /* Builder */,
				8959FE23230D574900BA3841 /* View */,
				8959FE24230D577000BA3841 /* Interactor */,
				8959FE22230D573A00BA3841 /* Presentator */,
				8959FE25230D578400BA3841 /* Entity */,
				8959FE26230D579B00BA3841 /* Router */,
				8959FE28230D57C100BA3841 /* Protocols */,
			);
			path = ColorVC;
			sourceTree = "<group>";
		};
		8959FE13230D544500BA3841 /* Entity */ = {
			isa = PBXGroup;
			children = (
			);
			path = Entity;
			sourceTree = "<group>";
		};
		8959FE14230D544900BA3841 /* Routers */ = {
			isa = PBXGroup;
			children = (
				8959FE19230D54E500BA3841 /* HomeViewRouter.swift */,
			);
			path = Routers;
			sourceTree = "<group>";
		};
		8959FE15230D544D00BA3841 /* View */ = {
			isa = PBXGroup;
			children = (
				8959FE0A230D527D00BA3841 /* HomeViewController.swift */,
			);
			path = View;
			sourceTree = "<group>";
		};
		8959FE16230D545000BA3841 /* Presentator */ = {
			isa = PBXGroup;
			children = (
				8959FE1B230D556D00BA3841 /* HomeViewPresenter.swift */,
			);
			path = Presentator;
			sourceTree = "<group>";
		};
		8959FE17230D548800BA3841 /* Interactor */ = {
			isa = PBXGroup;
			children = (
				8959FE1D230D560000BA3841 /* HomeViewInteractor.swift */,
			);
			path = Interactor;
			sourceTree = "<group>";
		};
		8959FE18230D54B200BA3841 /* Builder */ = {
			isa = PBXGroup;
			children = (
				8959FE0B230D527D00BA3841 /* HomeControllerBuilder.swift */,
			);
			path = Builder;
			sourceTree = "<group>";
		};
		8959FE1F230D566300BA3841 /* Protocols */ = {
			isa = PBXGroup;
			children = (
				8959FE20230D569800BA3841 /* HomeViewProtocols.swift */,
			);
			path = Protocols;
			sourceTree = "<group>";
		};
		8959FE22230D573A00BA3841 /* Presentator */ = {
			isa = PBXGroup;
			children = (
				8959FE2D230D58DA00BA3841 /* ColorViewPresentator.swift */,
			);
			path = Presentator;
			sourceTree = "<group>";
		};
		8959FE23230D574900BA3841 /* View */ = {
			isa = PBXGroup;
			children = (
				8959FE0D230D527D00BA3841 /* ColorViewController.swift */,
			);
			path = View;
			sourceTree = "<group>";
		};
		8959FE24230D577000BA3841 /* Interactor */ = {
			isa = PBXGroup;
			children = (
				8959FE2B230D58AC00BA3841 /* ColorViewInteractor.swift */,
			);
			path = Interactor;
			sourceTree = "<group>";
		};
		8959FE25230D578400BA3841 /* Entity */ = {
			isa = PBXGroup;
			children = (
			);
			path = Entity;
			sourceTree = "<group>";
		};
		8959FE26230D579B00BA3841 /* Router */ = {
			isa = PBXGroup;
			children = (
				8959FE2F230D591F00BA3841 /* ColorViewRouter.swift */,
			);
			path = Router;
			sourceTree = "<group>";
		};
		8959FE27230D57B900BA3841 /* Builder */ = {
			isa = PBXGroup;
			children = (
				8959FE29230D586400BA3841 /* ColorViewBuilder.swift */,
			);
			path = Builder;
			sourceTree = "<group>";
		};
		8959FE28230D57C100BA3841 /* Protocols */ = {
			isa = PBXGroup;
			children = (
				8959FE31230D595900BA3841 /* ColorViewProtocols.swift */,
			);
			path = Protocols;
			sourceTree = "<group>";
		};
		8959FE33230D59C300BA3841 /* Common */ = {
			isa = PBXGroup;
			children = (
				8959FE34230D59DB00BA3841 /* Constants.swift */,
				8959FE36230D59E600BA3841 /* Alert.swift */,
			);
			path = Common;
			sourceTree = "<group>";
		};
		8959FE38230D5A0C00BA3841 /* Database */ = {
			isa = PBXGroup;
			children = (
				8940469E230A899B00FBEA37 /* AppColorDao.swift */,
			);
			path = Database;
			sourceTree = "<group>";
		};
		89956CBB230D5ABA00039E91 /* WebServices */ = {
			isa = PBXGroup;
			children = (
				89956CBC230D5AEC00039E91 /* WebServiceConstants.swift */,
				89956CBE230D5B0000039E91 /* WebServiceManager.swift */,
			);
			path = WebServices;
			sourceTree = "<group>";
		};
		89956CC0230D5B3300039E91 /* StoryBoards */ = {
			isa = PBXGroup;
			children = (
				8940468E230A6B7C00FBEA37 /* Main.storyboard */,
				89404693230A6B7D00FBEA37 /* LaunchScreen.storyboard */,
			);
			path = StoryBoards;
			sourceTree = "<group>";
		};
/* End PBXGroup section */

/* Begin PBXNativeTarget section */
		89404686230A6B7C00FBEA37 /* Viper */ = {
			isa = PBXNativeTarget;
			buildConfigurationList = 89404699230A6B7D00FBEA37 /* Build configuration list for PBXNativeTarget "Viper" */;
			buildPhases = (
				89404683230A6B7C00FBEA37 /* Sources */,
				89404684230A6B7C00FBEA37 /* Frameworks */,
				89404685230A6B7C00FBEA37 /* Resources */,
			);
			buildRules = (
			);
			dependencies = (
			);
			name = Viper;
			productName = Viper;
			productReference = 89404687230A6B7C00FBEA37 /* Viper.app */;
			productType = "com.apple.product-type.application";
		};
/* End PBXNativeTarget section */

/* Begin PBXProject section */
		8940467F230A6B7C00FBEA37 /* Project object */ = {
			isa = PBXProject;
			attributes = {
				LastSwiftUpdateCheck = 1030;
				LastUpgradeCheck = 1030;
				ORGANIZATIONNAME = MyGlamm;
				TargetAttributes = {
					89404686230A6B7C00FBEA37 = {
						CreatedOnToolsVersion = 10.3;
					};
				};
			};
			buildConfigurationList = 89404682230A6B7C00FBEA37 /* Build configuration list for PBXProject "Viper" */;
			compatibilityVersion = "Xcode 9.3";
			developmentRegion = en;
			hasScannedForEncodings = 0;
			knownRegions = (
				en,
				Base,
			);
			mainGroup = 8940467E230A6B7C00FBEA37;
			productRefGroup = 89404688230A6B7C00FBEA37 /* Products */;
			projectDirPath = "";
			projectRoot = "";
			targets = (
				89404686230A6B7C00FBEA37 /* Viper */,
			);
		};
/* End PBXProject section */

/* Begin PBXResourcesBuildPhase section */
		89404685230A6B7C00FBEA37 /* Resources */ = {
			isa = PBXResourcesBuildPhase;
			buildActionMask = 2147483647;
			files = (
				89404695230A6B7D00FBEA37 /* LaunchScreen.storyboard in Resources */,
				89404692230A6B7D00FBEA37 /* Assets.xcassets in Resources */,
				89404690230A6B7C00FBEA37 /* Main.storyboard in Resources */,
			);
			runOnlyForDeploymentPostprocessing = 0;
		};
/* End PBXResourcesBuildPhase section */

/* Begin PBXSourcesBuildPhase section */
		89404683230A6B7C00FBEA37 /* Sources */ = {
			isa = PBXSourcesBuildPhase;
			buildActionMask = 2147483647;
			files = (
				8940469F230A899B00FBEA37 /* AppColorDao.swift in Sources */,
				8959FE2C230D58AD00BA3841 /* ColorViewInteractor.swift in Sources */,
				8940468B230A6B7C00FBEA37 /* AppDelegate.swift in Sources */,
				8959FE10230D527D00BA3841 /* HomeControllerBuilder.swift in Sources */,
				8959FE11230D527D00BA3841 /* ColorViewController.swift in Sources */,
				8959FE35230D59DB00BA3841 /* Constants.swift in Sources */,
				8959FE32230D595900BA3841 /* ColorViewProtocols.swift in Sources */,
				8959FE0F230D527D00BA3841 /* HomeViewController.swift in Sources */,
				89956CBF230D5B0000039E91 /* WebServiceManager.swift in Sources */,
				8959FE1E230D560000BA3841 /* HomeViewInteractor.swift in Sources */,
				8959FE1C230D556D00BA3841 /* HomeViewPresenter.swift in Sources */,
				8959FE30230D591F00BA3841 /* ColorViewRouter.swift in Sources */,
				8959FE2E230D58DA00BA3841 /* ColorViewPresentator.swift in Sources */,
				8959FE1A230D54E500BA3841 /* HomeViewRouter.swift in Sources */,
				89956CBD230D5AEC00039E91 /* WebServiceConstants.swift in Sources */,
				8959FE2A230D586400BA3841 /* ColorViewBuilder.swift in Sources */,
				8959FE37230D59E600BA3841 /* Alert.swift in Sources */,
				8959FE21230D569800BA3841 /* HomeViewProtocols.swift in Sources */,
			);
			runOnlyForDeploymentPostprocessing = 0;
		};
/* End PBXSourcesBuildPhase section */

/* Begin PBXVariantGroup section */
		8940468E230A6B7C00FBEA37 /* Main.storyboard */ = {
			isa = PBXVariantGroup;
			children = (
				8940468F230A6B7C00FBEA37 /* Base */,
			);
			name = Main.storyboard;
			sourceTree = "<group>";
		};
		89404693230A6B7D00FBEA37 /* LaunchScreen.storyboard */ = {
			isa = PBXVariantGroup;
			children = (
				89404694230A6B7D00FBEA37 /* Base */,
			);
			name = LaunchScreen.storyboard;
			sourceTree = "<group>";
		};
/* End PBXVariantGroup section */

/* Begin XCBuildConfiguration section */
		89404697230A6B7D00FBEA37 /* Debug */ = {
			isa = XCBuildConfiguration;
			buildSettings = {
				ALWAYS_SEARCH_USER_PATHS = NO;
				CLANG_ANALYZER_NONNULL = YES;
				CLANG_ANALYZER_NUMBER_OBJECT_CONVERSION = YES_AGGRESSIVE;
				CLANG_CXX_LANGUAGE_STANDARD = "gnu++14";
				CLANG_CXX_LIBRARY = "libc++";
				CLANG_ENABLE_MODULES = YES;
				CLANG_ENABLE_OBJC_ARC = YES;
				CLANG_ENABLE_OBJC_WEAK = YES;
				CLANG_WARN_BLOCK_CAPTURE_AUTORELEASING = YES;
				CLANG_WARN_BOOL_CONVERSION = YES;
				CLANG_WARN_COMMA = YES;
				CLANG_WARN_CONSTANT_CONVERSION = YES;
				CLANG_WARN_DEPRECATED_OBJC_IMPLEMENTATIONS = YES;
				CLANG_WARN_DIRECT_OBJC_ISA_USAGE = YES_ERROR;
				CLANG_WARN_DOCUMENTATION_COMMENTS = YES;
				CLANG_WARN_EMPTY_BODY = YES;
				CLANG_WARN_ENUM_CONVERSION = YES;
				CLANG_WARN_INFINITE_RECURSION = YES;
				CLANG_WARN_INT_CONVERSION = YES;
				CLANG_WARN_NON_LITERAL_NULL_CONVERSION = YES;
				CLANG_WARN_OBJC_IMPLICIT_RETAIN_SELF = YES;
				CLANG_WARN_OBJC_LITERAL_CONVERSION = YES;
				CLANG_WARN_OBJC_ROOT_CLASS = YES_ERROR;
				CLANG_WARN_RANGE_LOOP_ANALYSIS = YES;
				CLANG_WARN_STRICT_PROTOTYPES = YES;
				CLANG_WARN_SUSPICIOUS_MOVE = YES;
				CLANG_WARN_UNGUARDED_AVAILABILITY = YES_AGGRESSIVE;
				CLANG_WARN_UNREACHABLE_CODE = YES;
				CLANG_WARN__DUPLICATE_METHOD_MATCH = YES;
				CODE_SIGN_IDENTITY = "iPhone Developer";
				COPY_PHASE_STRIP = NO;
				DEBUG_INFORMATION_FORMAT = dwarf;
				ENABLE_STRICT_OBJC_MSGSEND = YES;
				ENABLE_TESTABILITY = YES;
				GCC_C_LANGUAGE_STANDARD = gnu11;
				GCC_DYNAMIC_NO_PIC = NO;
				GCC_NO_COMMON_BLOCKS = YES;
				GCC_OPTIMIZATION_LEVEL = 0;
				GCC_PREPROCESSOR_DEFINITIONS = (
					"DEBUG=1",
					"$(inherited)",
				);
				GCC_WARN_64_TO_32_BIT_CONVERSION = YES;
				GCC_WARN_ABOUT_RETURN_TYPE = YES_ERROR;
				GCC_WARN_UNDECLARED_SELECTOR = YES;
				GCC_WARN_UNINITIALIZED_AUTOS = YES_AGGRESSIVE;
				GCC_WARN_UNUSED_FUNCTION = YES;
				GCC_WARN_UNUSED_VARIABLE = YES;
				IPHONEOS_DEPLOYMENT_TARGET = 12.4;
				MTL_ENABLE_DEBUG_INFO = INCLUDE_SOURCE;
				MTL_FAST_MATH = YES;
				ONLY_ACTIVE_ARCH = YES;
				SDKROOT = iphoneos;
				SWIFT_ACTIVE_COMPILATION_CONDITIONS = DEBUG;
				SWIFT_OPTIMIZATION_LEVEL = "-Onone";
			};
			name = Debug;
		};
		89404698230A6B7D00FBEA37 /* Release */ = {
			isa = XCBuildConfiguration;
			buildSettings = {
				ALWAYS_SEARCH_USER_PATHS = NO;
				CLANG_ANALYZER_NONNULL = YES;
				CLANG_ANALYZER_NUMBER_OBJECT_CONVERSION = YES_AGGRESSIVE;
				CLANG_CXX_LANGUAGE_STANDARD = "gnu++14";
				CLANG_CXX_LIBRARY = "libc++";
				CLANG_ENABLE_MODULES = YES;
				CLANG_ENABLE_OBJC_ARC = YES;
				CLANG_ENABLE_OBJC_WEAK = YES;
				CLANG_WARN_BLOCK_CAPTURE_AUTORELEASING = YES;
				CLANG_WARN_BOOL_CONVERSION = YES;
				CLANG_WARN_COMMA = YES;
				CLANG_WARN_CONSTANT_CONVERSION = YES;
				CLANG_WARN_DEPRECATED_OBJC_IMPLEMENTATIONS = YES;
				CLANG_WARN_DIRECT_OBJC_ISA_USAGE = YES_ERROR;
				CLANG_WARN_DOCUMENTATION_COMMENTS = YES;
				CLANG_WARN_EMPTY_BODY = YES;
				CLANG_WARN_ENUM_CONVERSION = YES;
				CLANG_WARN_INFINITE_RECURSION = YES;
				CLANG_WARN_INT_CONVERSION = YES;
				CLANG_WARN_NON_LITERAL_NULL_CONVERSION = YES;
				CLANG_WARN_OBJC_IMPLICIT_RETAIN_SELF = YES;
				CLANG_WARN_OBJC_LITERAL_CONVERSION = YES;
				CLANG_WARN_OBJC_ROOT_CLASS = YES_ERROR;
				CLANG_WARN_RANGE_LOOP_ANALYSIS = YES;
				CLANG_WARN_STRICT_PROTOTYPES = YES;
				CLANG_WARN_SUSPICIOUS_MOVE = YES;
				CLANG_WARN_UNGUARDED_AVAILABILITY = YES_AGGRESSIVE;
				CLANG_WARN_UNREACHABLE_CODE = YES;
				CLANG_WARN__DUPLICATE_METHOD_MATCH = YES;
				CODE_SIGN_IDENTITY = "iPhone Developer";
				COPY_PHASE_STRIP = NO;
				DEBUG_INFORMATION_FORMAT = "dwarf-with-dsym";
				ENABLE_NS_ASSERTIONS = NO;
				ENABLE_STRICT_OBJC_MSGSEND = YES;
				GCC_C_LANGUAGE_STANDARD = gnu11;
				GCC_NO_COMMON_BLOCKS = YES;
				GCC_WARN_64_TO_32_BIT_CONVERSION = YES;
				GCC_WARN_ABOUT_RETURN_TYPE = YES_ERROR;
				GCC_WARN_UNDECLARED_SELECTOR = YES;
				GCC_WARN_UNINITIALIZED_AUTOS = YES_AGGRESSIVE;
				GCC_WARN_UNUSED_FUNCTION = YES;
				GCC_WARN_UNUSED_VARIABLE = YES;
				IPHONEOS_DEPLOYMENT_TARGET = 12.4;
				MTL_ENABLE_DEBUG_INFO = NO;
				MTL_FAST_MATH = YES;
				SDKROOT = iphoneos;
				SWIFT_COMPILATION_MODE = wholemodule;
				SWIFT_OPTIMIZATION_LEVEL = "-O";
				VALIDATE_PRODUCT = YES;
			};
			name = Release;
		};
		8940469A230A6B7D00FBEA37 /* Debug */ = {
			isa = XCBuildConfiguration;
			buildSettings = {
				ASSETCATALOG_COMPILER_APPICON_NAME = AppIcon;
				CODE_SIGN_STYLE = Automatic;
				DEVELOPMENT_TEAM = Y94DT2QL6A;
				INFOPLIST_FILE = Viper/Info.plist;
				IPHONEOS_DEPLOYMENT_TARGET = 12.2;
				LD_RUNPATH_SEARCH_PATHS = (
					"$(inherited)",
					"@executable_path/Frameworks",
				);
				PRODUCT_BUNDLE_IDENTIFIER = test.mytest.Viper;
				PRODUCT_NAME = "$(TARGET_NAME)";
				SWIFT_VERSION = 5.0;
				TARGETED_DEVICE_FAMILY = "1,2";
			};
			name = Debug;
		};
		8940469B230A6B7D00FBEA37 /* Release */ = {
			isa = XCBuildConfiguration;
			buildSettings = {
				ASSETCATALOG_COMPILER_APPICON_NAME = AppIcon;
				CODE_SIGN_STYLE = Automatic;
				DEVELOPMENT_TEAM = Y94DT2QL6A;
				INFOPLIST_FILE = Viper/Info.plist;
				IPHONEOS_DEPLOYMENT_TARGET = 12.2;
				LD_RUNPATH_SEARCH_PATHS = (
					"$(inherited)",
					"@executable_path/Frameworks",
				);
				PRODUCT_BUNDLE_IDENTIFIER = test.mytest.Viper;
				PRODUCT_NAME = "$(TARGET_NAME)";
				SWIFT_VERSION = 5.0;
				TARGETED_DEVICE_FAMILY = "1,2";
			};
			name = Release;
		};
/* End XCBuildConfiguration section */

/* Begin XCConfigurationList section */
		89404682230A6B7C00FBEA37 /* Build configuration list for PBXProject "Viper" */ = {
			isa = XCConfigurationList;
			buildConfigurations = (
				89404697230A6B7D00FBEA37 /* Debug */,
				89404698230A6B7D00FBEA37 /* Release */,
			);
			defaultConfigurationIsVisible = 0;
			defaultConfigurationName = Release;
		};
		89404699230A6B7D00FBEA37 /* Build configuration list for PBXNativeTarget "Viper" */ = {
			isa = XCConfigurationList;
			buildConfigurations = (
				8940469A230A6B7D00FBEA37 /* Debug */,
				8940469B230A6B7D00FBEA37 /* Release */,
			);
			defaultConfigurationIsVisible = 0;
			defaultConfigurationName = Release;
		};
/* End XCConfigurationList section */
	};
	rootObject = 8940467F230A6B7C00FBEA37 /* Project object */;
}
